
Microsoft Visual Studio Solution File, Format Version 12.00
# Visual Studio Version 16
VisualStudioVersion = 25.0.1700.0
MinimumVisualStudioVersion = 10.0.40219.1
Project("{FAE04EC0-301F-11D3-BF4B-00C04F79EFBC}") = "Algo.Sort.QuickSort", "Algo.Sort.QuickSort\Algo.Sort.QuickSort.csproj", "{7C69C8A8-ABAE-4EAC-B7AA-16D44235DFEE}"
EndProject
Project("{FAE04EC0-301F-11D3-BF4B-00C04F79EFBC}") = "Algo.Sort.QuickSort.Tests", "Algo.Sort.QuickSort.Tests\Algo.Sort.QuickSort.Tests.csproj", "{8492B2D9-6B83-4EBE-9EE0-AE15C1CC4B90}"
EndProject
Global
	GlobalSection(SolutionConfigurationPlatforms) = preSolution
		Debug|Any CPU = Debug|Any CPU
		Release|Any CPU = Release|Any CPU
	EndGlobalSection
	GlobalSection(ProjectConfigurationPlatforms) = postSolution
		{7C69C8A8-ABAE-4EAC-B7AA-16D44235DFEE}.Debug|Any CPU.ActiveCfg = Debug|Any CPU
		{7C69C8A8-ABAE-4EAC-B7AA-16D44235DFEE}.Debug|Any CPU.Build.0 = Debug|Any CPU
		{7C69C8A8-ABAE-4EAC-B7AA-16D44235DFEE}.Release|Any CPU.ActiveCfg = Release|Any CPU
		{7C69C8A8-ABAE-4EAC-B7AA-16D44235DFEE}.Release|Any CPU.Build.0 = Release|Any CPU
		{8492B2D9-6B83-4EBE-9EE0-AE15C1CC4B90}.Debug|Any CPU.ActiveCfg = Debug|Any CPU
		{8492B2D9-6B83-4EBE-9EE0-AE15C1CC4B90}.Debug|Any CPU.Build.0 = Debug|Any CPU
		{8492B2D9-6B83-4EBE-9EE0-AE15C1CC4B90}.Release|Any CPU.ActiveCfg = Release|Any CPU
		{8492B2D9-6B83-4EBE-9EE0-AE15C1CC4B90}.Release|Any CPU.Build.0 = Release|Any CPU
	EndGlobalSection
	GlobalSection(SolutionProperties) = preSolution
		HideSolutionNode = FALSE
	EndGlobalSection
	GlobalSection(ExtensibilityGlobals) = postSolution
		SolutionGuid = {8ACCB115-39F4-46F5-8588-BBB4A7799A3C}
	EndGlobalSection
EndGlobal
